{
  "name": "dashboard",
  "version": "1.0.0",
  "lockfileVersion": 3,
  "requires": true,
  "packages": {
    "": {
      "name": "dashboard",
      "version": "1.0.0",
      "license": "ISC",
      "dependencies": {
        "simple-statistics": "^7.8.9"
      }
    },
    "node_modules/simple-statistics": {
      "version": "7.8.9",
      "resolved": "https://registry.npmjs.org/simple-statistics/-/simple-statistics-7.8.9.tgz",
      "integrity": "sha512-YT6MLqYsz7y1rQZOLFlOCCgSRpCi6bqY417yhoOLI7aVoBi29dD39EPrOE03W9DY25H0J0jizVsHZnkLzyGJFg==",
      "license": "ISC",
      "engines": {
        "node": "*"
      }
    }
  }
}
